
Microsoft Visual Studio Solution File, Format Version 12.00
# Visual Studio Version 16
VisualStudioVersion = 16.0.29509.3
MinimumVisualStudioVersion = 10.0.40219.1
Project("{FAE04EC0-301F-11D3-BF4B-00C04F79EFBC}") = "Filmian", "Filmian\Filmian.csproj", "{51669E2E-3E9E-43E1-B26B-B93DCE3C557A}"
EndProject
Global
	GlobalSection(SolutionConfigurationPlatforms) = preSolution
		Debug|Any CPU = Debug|Any CPU
		Release|Any CPU = Release|Any CPU
	EndGlobalSection
	GlobalSection(ProjectConfigurationPlatforms) = postSolution
		{51669E2E-3E9E-43E1-B26B-B93DCE3C557A}.Debug|Any CPU.ActiveCfg = Debug|Any CPU
		{51669E2E-3E9E-43E1-B26B-B93DCE3C557A}.Debug|Any CPU.Build.0 = Debug|Any CPU
		{51669E2E-3E9E-43E1-B26B-B93DCE3C557A}.Release|Any CPU.ActiveCfg = Release|Any CPU
		{51669E2E-3E9E-43E1-B26B-B93DCE3C557A}.Release|Any CPU.Build.0 = Release|Any CPU
	EndGlobalSection
	GlobalSection(SolutionProperties) = preSolution
		HideSolutionNode = FALSE
	EndGlobalSection
	GlobalSection(ExtensibilityGlobals) = postSolution
		SolutionGuid = {E75D829E-6ACB-4139-9182-52D94CAA6199}
	EndGlobalSection
EndGlobal
